
Microsoft Visual Studio Solution File, Format Version 12.00
# Visual Studio Version 16
VisualStudioVersion = 16.0.28803.452
MinimumVisualStudioVersion = 10.0.40219.1
Project("{FAE04EC0-301F-11D3-BF4B-00C04F79EFBC}") = "EduChatAPI", "EduChatAPI\EduChatAPI.csproj", "{F634FB15-D6A6-4591-A156-48C8AC858DA9}"
EndProject
Global
	GlobalSection(SolutionConfigurationPlatforms) = preSolution
		Debug|Any CPU = Debug|Any CPU
		Release|Any CPU = Release|Any CPU
	EndGlobalSection
	GlobalSection(ProjectConfigurationPlatforms) = postSolution
		{F634FB15-D6A6-4591-A156-48C8AC858DA9}.Debug|Any CPU.ActiveCfg = Debug|Any CPU
		{F634FB15-D6A6-4591-A156-48C8AC858DA9}.Debug|Any CPU.Build.0 = Debug|Any CPU
		{F634FB15-D6A6-4591-A156-48C8AC858DA9}.Release|Any CPU.ActiveCfg = Release|Any CPU
		{F634FB15-D6A6-4591-A156-48C8AC858DA9}.Release|Any CPU.Build.0 = Release|Any CPU
	EndGlobalSection
	GlobalSection(SolutionProperties) = preSolution
		HideSolutionNode = FALSE
	EndGlobalSection
	GlobalSection(ExtensibilityGlobals) = postSolution
		SolutionGuid = {81930339-6865-4369-8396-CC8A0F01C885}
	EndGlobalSection
EndGlobal
